
Microsoft Visual Studio Solution File, Format Version 12.00
# Visual Studio Version 17
VisualStudioVersion = 17.14.36327.8 d17.14
MinimumVisualStudioVersion = 10.0.40219.1
Project("{FAE04EC0-301F-11D3-BF4B-00C04F79EFBC}") = "QuanLyKho_CSharp", "QuanLyKho_CSharp.csproj", "{EE7812BE-4E56-4538-A818-4AF6428D161A}"
EndProject
Global
	GlobalSection(SolutionConfigurationPlatforms) = preSolution
		Debug|Any CPU = Debug|Any CPU
		Release|Any CPU = Release|Any CPU
	EndGlobalSection
	GlobalSection(ProjectConfigurationPlatforms) = postSolution
		{EE7812BE-4E56-4538-A818-4AF6428D161A}.Debug|Any CPU.ActiveCfg = Debug|Any CPU
		{EE7812BE-4E56-4538-A818-4AF6428D161A}.Debug|Any CPU.Build.0 = Debug|Any CPU
		{EE7812BE-4E56-4538-A818-4AF6428D161A}.Release|Any CPU.ActiveCfg = Release|Any CPU
		{EE7812BE-4E56-4538-A818-4AF6428D161A}.Release|Any CPU.Build.0 = Release|Any CPU
	EndGlobalSection
	GlobalSection(SolutionProperties) = preSolution
		HideSolutionNode = FALSE
	EndGlobalSection
	GlobalSection(ExtensibilityGlobals) = postSolution
		SolutionGuid = {A130C5FC-70AB-4B2B-8591-087EA25D7076}
	EndGlobalSection
EndGlobal
